// !$*UTF8*$!
{
	archiveVersion = 1;
	classes = {
	};
	objectVersion = 56;
	objects = {

/* Begin PBXBuildFile section */
		950A7FFE2C734AFE0037C9D5 /* ListViewModel.swift in Sources */ = {isa = PBXBuildFile; fileRef = 950A7FFD2C734AFE0037C9D5 /* ListViewModel.swift */; };
		950A80022C765A6F0037C9D5 /* ListRowLocation.swift in Sources */ = {isa = PBXBuildFile; fileRef = 950A80012C765A6F0037C9D5 /* ListRowLocation.swift */; };
		950A80072C80E9E50037C9D5 /* CoordinatesModel.swift in Sources */ = {isa = PBXBuildFile; fileRef = 950A80062C80E9E50037C9D5 /* CoordinatesModel.swift */; };
		952D4C912C5185A30048A1BD /* SearchLocation.swift in Sources */ = {isa = PBXBuildFile; fileRef = 952D4C902C51858A0048A1BD /* SearchLocation.swift */; };
		9530B72A2C4D8118006E4399 /* CityLocation.swift in Sources */ = {isa = PBXBuildFile; fileRef = 9530B7292C4D8118006E4399 /* CityLocation.swift */; };
		9530B7302C4E5090006E4399 /* ForecastViewModel.swift in Sources */ = {isa = PBXBuildFile; fileRef = 9530B72F2C4E5090006E4399 /* ForecastViewModel.swift */; };
		954C824C2C844CAE00FD0258 /* LaunchScreen.storyboard in Resources */ = {isa = PBXBuildFile; fileRef = 954C824B2C844CAE00FD0258 /* LaunchScreen.storyboard */; };
		95AAD04C2C4A606E009C5D03 /* weatherApp.swift in Sources */ = {isa = PBXBuildFile; fileRef = 95AAD04B2C4A606E009C5D03 /* weatherApp.swift */; };
		95AAD04E2C4A606E009C5D03 /* ContentView.swift in Sources */ = {isa = PBXBuildFile; fileRef = 95AAD04D2C4A606E009C5D03 /* ContentView.swift */; };
		95AAD0502C4A6071009C5D03 /* Assets.xcassets in Resources */ = {isa = PBXBuildFile; fileRef = 95AAD04F2C4A6071009C5D03 /* Assets.xcassets */; };
		95AAD0532C4A6071009C5D03 /* Preview Assets.xcassets in Resources */ = {isa = PBXBuildFile; fileRef = 95AAD0522C4A6071009C5D03 /* Preview Assets.xcassets */; };
		95AAD05F2C4AD422009C5D03 /* Forecast.swift in Sources */ = {isa = PBXBuildFile; fileRef = 95AAD05E2C4AD422009C5D03 /* Forecast.swift */; };
/* End PBXBuildFile section */

/* Begin PBXFileReference section */
		950A7FFD2C734AFE0037C9D5 /* ListViewModel.swift */ = {isa = PBXFileReference; lastKnownFileType = sourcecode.swift; path = ListViewModel.swift; sourceTree = "<group>"; };
		950A80012C765A6F0037C9D5 /* ListRowLocation.swift */ = {isa = PBXFileReference; lastKnownFileType = sourcecode.swift; path = ListRowLocation.swift; sourceTree = "<group>"; };
		950A80062C80E9E50037C9D5 /* CoordinatesModel.swift */ = {isa = PBXFileReference; lastKnownFileType = sourcecode.swift; path = CoordinatesModel.swift; sourceTree = "<group>"; };
		952D4C902C51858A0048A1BD /* SearchLocation.swift */ = {isa = PBXFileReference; lastKnownFileType = sourcecode.swift; path = SearchLocation.swift; sourceTree = "<group>"; };
		9530B7292C4D8118006E4399 /* CityLocation.swift */ = {isa = PBXFileReference; fileEncoding = 4; lastKnownFileType = sourcecode.swift; path = CityLocation.swift; sourceTree = "<group>"; };
		9530B72F2C4E5090006E4399 /* ForecastViewModel.swift */ = {isa = PBXFileReference; lastKnownFileType = sourcecode.swift; path = ForecastViewModel.swift; sourceTree = "<group>"; };
		954C824B2C844CAE00FD0258 /* LaunchScreen.storyboard */ = {isa = PBXFileReference; lastKnownFileType = file.storyboard; path = LaunchScreen.storyboard; sourceTree = "<group>"; };
		95AAD0482C4A606E009C5D03 /* weather.app */ = {isa = PBXFileReference; explicitFileType = wrapper.application; includeInIndex = 0; path = weather.app; sourceTree = BUILT_PRODUCTS_DIR; };
		95AAD04B2C4A606E009C5D03 /* weatherApp.swift */ = {isa = PBXFileReference; lastKnownFileType = sourcecode.swift; path = weatherApp.swift; sourceTree = "<group>"; };
		95AAD04D2C4A606E009C5D03 /* ContentView.swift */ = {isa = PBXFileReference; lastKnownFileType = sourcecode.swift; path = ContentView.swift; sourceTree = "<group>"; };
		95AAD04F2C4A6071009C5D03 /* Assets.xcassets */ = {isa = PBXFileReference; lastKnownFileType = folder.assetcatalog; path = Assets.xcassets; sourceTree = "<group>"; };
		95AAD0522C4A6071009C5D03 /* Preview Assets.xcassets */ = {isa = PBXFileReference; lastKnownFileType = folder.assetcatalog; path = "Preview Assets.xcassets"; sourceTree = "<group>"; };
		95AAD05E2C4AD422009C5D03 /* Forecast.swift */ = {isa = PBXFileReference; lastKnownFileType = sourcecode.swift; path = Forecast.swift; sourceTree = "<group>"; };
/* End PBXFileReference section */

/* Begin PBXFrameworksBuildPhase section */
		95AAD0452C4A606E009C5D03 /* Frameworks */ = {
			isa = PBXFrameworksBuildPhase;
			buildActionMask = 2147483647;
			files = (
			);
			runOnlyForDeploymentPostprocessing = 0;
		};
/* End PBXFrameworksBuildPhase section */

/* Begin PBXGroup section */
		95AAD03F2C4A606E009C5D03 = {
			isa = PBXGroup;
			children = (
				95AAD04A2C4A606E009C5D03 /* weather */,
				95AAD0492C4A606E009C5D03 /* Products */,
			);
			sourceTree = "<group>";
		};
		95AAD0492C4A606E009C5D03 /* Products */ = {
			isa = PBXGroup;
			children = (
				95AAD0482C4A606E009C5D03 /* weather.app */,
			);
			name = Products;
			sourceTree = "<group>";
		};
		95AAD04A2C4A606E009C5D03 /* weather */ = {
			isa = PBXGroup;
			children = (
				95AAD04B2C4A606E009C5D03 /* weatherApp.swift */,
				95AAD0612C4AD9D2009C5D03 /* Model */,
				95AAD0602C4AD9BF009C5D03 /* ViewModel */,
				95AAD0622C4AD9DD009C5D03 /* View */,
				95AAD04F2C4A6071009C5D03 /* Assets.xcassets */,
				954C824B2C844CAE00FD0258 /* LaunchScreen.storyboard */,
				95AAD0512C4A6071009C5D03 /* Preview Content */,
			);
			path = weather;
			sourceTree = "<group>";
		};
		95AAD0512C4A6071009C5D03 /* Preview Content */ = {
			isa = PBXGroup;
			children = (
				95AAD0522C4A6071009C5D03 /* Preview Assets.xcassets */,
			);
			path = "Preview Content";
			sourceTree = "<group>";
		};
		95AAD0602C4AD9BF009C5D03 /* ViewModel */ = {
			isa = PBXGroup;
			children = (
				9530B7292C4D8118006E4399 /* CityLocation.swift */,
				950A7FFD2C734AFE0037C9D5 /* ListViewModel.swift */,
				9530B72F2C4E5090006E4399 /* ForecastViewModel.swift */,
			);
			path = ViewModel;
			sourceTree = "<group>";
		};
		95AAD0612C4AD9D2009C5D03 /* Model */ = {
			isa = PBXGroup;
			children = (
				95AAD05E2C4AD422009C5D03 /* Forecast.swift */,
				950A80062C80E9E50037C9D5 /* CoordinatesModel.swift */,
			);
			path = Model;
			sourceTree = "<group>";
		};
		95AAD0622C4AD9DD009C5D03 /* View */ = {
			isa = PBXGroup;
			children = (
				952D4C902C51858A0048A1BD /* SearchLocation.swift */,
				95AAD04D2C4A606E009C5D03 /* ContentView.swift */,
				950A80012C765A6F0037C9D5 /* ListRowLocation.swift */,
			);
			path = View;
			sourceTree = "<group>";
		};
/* End PBXGroup section */

/* Begin PBXNativeTarget section */
		95AAD0472C4A606E009C5D03 /* weather */ = {
			isa = PBXNativeTarget;
			buildConfigurationList = 95AAD0562C4A6071009C5D03 /* Build configuration list for PBXNativeTarget "weather" */;
			buildPhases = (
				95AAD0442C4A606E009C5D03 /* Sources */,
				95AAD0452C4A606E009C5D03 /* Frameworks */,
				95AAD0462C4A606E009C5D03 /* Resources */,
			);
			buildRules = (
			);
			dependencies = (
			);
			name = weather;
			productName = weather;
			productReference = 95AAD0482C4A606E009C5D03 /* weather.app */;
			productType = "com.apple.product-type.application";
		};
/* End PBXNativeTarget section */

/* Begin PBXProject section */
		95AAD0402C4A606E009C5D03 /* Project object */ = {
			isa = PBXProject;
			attributes = {
				BuildIndependentTargetsInParallel = 1;
				LastSwiftUpdateCheck = 1540;
				LastUpgradeCheck = 1540;
				TargetAttributes = {
					95AAD0472C4A606E009C5D03 = {
						CreatedOnToolsVersion = 15.4;
					};
				};
			};
			buildConfigurationList = 95AAD0432C4A606E009C5D03 /* Build configuration list for PBXProject "weather" */;
			compatibilityVersion = "Xcode 14.0";
			developmentRegion = en;
			hasScannedForEncodings = 0;
			knownRegions = (
				en,
				Base,
			);
			mainGroup = 95AAD03F2C4A606E009C5D03;
			productRefGroup = 95AAD0492C4A606E009C5D03 /* Products */;
			projectDirPath = "";
			projectRoot = "";
			targets = (
				95AAD0472C4A606E009C5D03 /* weather */,
			);
		};
/* End PBXProject section */

/* Begin PBXResourcesBuildPhase section */
		95AAD0462C4A606E009C5D03 /* Resources */ = {
			isa = PBXResourcesBuildPhase;
			buildActionMask = 2147483647;
			files = (
				954C824C2C844CAE00FD0258 /* LaunchScreen.storyboard in Resources */,
				95AAD0532C4A6071009C5D03 /* Preview Assets.xcassets in Resources */,
				95AAD0502C4A6071009C5D03 /* Assets.xcassets in Resources */,
			);
			runOnlyForDeploymentPostprocessing = 0;
		};
/* End PBXResourcesBuildPhase section */

/* Begin PBXSourcesBuildPhase section */
		95AAD0442C4A606E009C5D03 /* Sources */ = {
			isa = PBXSourcesBuildPhase;
			buildActionMask = 2147483647;
			files = (
				9530B72A2C4D8118006E4399 /* CityLocation.swift in Sources */,
				95AAD05F2C4AD422009C5D03 /* Forecast.swift in Sources */,
				95AAD04E2C4A606E009C5D03 /* ContentView.swift in Sources */,
				950A80022C765A6F0037C9D5 /* ListRowLocation.swift in Sources */,
				950A80072C80E9E50037C9D5 /* CoordinatesModel.swift in Sources */,
				950A7FFE2C734AFE0037C9D5 /* ListViewModel.swift in Sources */,
				95AAD04C2C4A606E009C5D03 /* weatherApp.swift in Sources */,
				952D4C912C5185A30048A1BD /* SearchLocation.swift in Sources */,
				9530B7302C4E5090006E4399 /* ForecastViewModel.swift in Sources */,
			);
			runOnlyForDeploymentPostprocessing = 0;
		};
/* End PBXSourcesBuildPhase section */

/* Begin XCBuildConfiguration section */
		95AAD0542C4A6071009C5D03 /* Debug */ = {
			isa = XCBuildConfiguration;
			buildSettings = {
				ALWAYS_SEARCH_USER_PATHS = NO;
				ASSETCATALOG_COMPILER_GENERATE_SWIFT_ASSET_SYMBOL_EXTENSIONS = YES;
				CLANG_ANALYZER_NONNULL = YES;
				CLANG_ANALYZER_NUMBER_OBJECT_CONVERSION = YES_AGGRESSIVE;
				CLANG_CXX_LANGUAGE_STANDARD = "gnu++20";
				CLANG_ENABLE_MODULES = YES;
				CLANG_ENABLE_OBJC_ARC = YES;
				CLANG_ENABLE_OBJC_WEAK = YES;
				CLANG_WARN_BLOCK_CAPTURE_AUTORELEASING = YES;
				CLANG_WARN_BOOL_CONVERSION = YES;
				CLANG_WARN_COMMA = YES;
				CLANG_WARN_CONSTANT_CONVERSION = YES;
				CLANG_WARN_DEPRECATED_OBJC_IMPLEMENTATIONS = YES;
				CLANG_WARN_DIRECT_OBJC_ISA_USAGE = YES_ERROR;
				CLANG_WARN_DOCUMENTATION_COMMENTS = YES;
				CLANG_WARN_EMPTY_BODY = YES;
				CLANG_WARN_ENUM_CONVERSION = YES;
				CLANG_WARN_INFINITE_RECURSION = YES;
				CLANG_WARN_INT_CONVERSION = YES;
				CLANG_WARN_NON_LITERAL_NULL_CONVERSION = YES;
				CLANG_WARN_OBJC_IMPLICIT_RETAIN_SELF = YES;
				CLANG_WARN_OBJC_LITERAL_CONVERSION = YES;
				CLANG_WARN_OBJC_ROOT_CLASS = YES_ERROR;
				CLANG_WARN_QUOTED_INCLUDE_IN_FRAMEWORK_HEADER = YES;
				CLANG_WARN_RANGE_LOOP_ANALYSIS = YES;
				CLANG_WARN_STRICT_PROTOTYPES = YES;
				CLANG_WARN_SUSPICIOUS_MOVE = YES;
				CLANG_WARN_UNGUARDED_AVAILABILITY = YES_AGGRESSIVE;
				CLANG_WARN_UNREACHABLE_CODE = YES;
				CLANG_WARN__DUPLICATE_METHOD_MATCH = YES;
				COPY_PHASE_STRIP = NO;
				DEBUG_INFORMATION_FORMAT = dwarf;
				ENABLE_STRICT_OBJC_MSGSEND = YES;
				ENABLE_TESTABILITY = YES;
				ENABLE_USER_SCRIPT_SANDBOXING = YES;
				GCC_C_LANGUAGE_STANDARD = gnu17;
				GCC_DYNAMIC_NO_PIC = NO;
				GCC_NO_COMMON_BLOCKS = YES;
				GCC_OPTIMIZATION_LEVEL = 0;
				GCC_PREPROCESSOR_DEFINITIONS = (
					"DEBUG=1",
					"$(inherited)",
				);
				GCC_WARN_64_TO_32_BIT_CONVERSION = YES;
				GCC_WARN_ABOUT_RETURN_TYPE = YES_ERROR;
				GCC_WARN_UNDECLARED_SELECTOR = YES;
				GCC_WARN_UNINITIALIZED_AUTOS = YES_AGGRESSIVE;
				GCC_WARN_UNUSED_FUNCTION = YES;
				GCC_WARN_UNUSED_VARIABLE = YES;
				IPHONEOS_DEPLOYMENT_TARGET = 17.5;
				LOCALIZATION_PREFERS_STRING_CATALOGS = YES;
				MTL_ENABLE_DEBUG_INFO = INCLUDE_SOURCE;
				MTL_FAST_MATH = YES;
				ONLY_ACTIVE_ARCH = YES;
				SDKROOT = iphoneos;
				SWIFT_ACTIVE_COMPILATION_CONDITIONS = "DEBUG $(inherited)";
				SWIFT_OPTIMIZATION_LEVEL = "-Onone";
			};
			name = Debug;
		};
		95AAD0552C4A6071009C5D03 /* Release */ = {
			isa = XCBuildConfiguration;
			buildSettings = {
				ALWAYS_SEARCH_USER_PATHS = NO;
				ASSETCATALOG_COMPILER_GENERATE_SWIFT_ASSET_SYMBOL_EXTENSIONS = YES;
				CLANG_ANALYZER_NONNULL = YES;
				CLANG_ANALYZER_NUMBER_OBJECT_CONVERSION = YES_AGGRESSIVE;
				CLANG_CXX_LANGUAGE_STANDARD = "gnu++20";
				CLANG_ENABLE_MODULES = YES;
				CLANG_ENABLE_OBJC_ARC = YES;
				CLANG_ENABLE_OBJC_WEAK = YES;
				CLANG_WARN_BLOCK_CAPTURE_AUTORELEASING = YES;
				CLANG_WARN_BOOL_CONVERSION = YES;
				CLANG_WARN_COMMA = YES;
				CLANG_WARN_CONSTANT_CONVERSION = YES;
				CLANG_WARN_DEPRECATED_OBJC_IMPLEMENTATIONS = YES;
				CLANG_WARN_DIRECT_OBJC_ISA_USAGE = YES_ERROR;
				CLANG_WARN_DOCUMENTATION_COMMENTS = YES;
				CLANG_WARN_EMPTY_BODY = YES;
				CLANG_WARN_ENUM_CONVERSION = YES;
				CLANG_WARN_INFINITE_RECURSION = YES;
				CLANG_WARN_INT_CONVERSION = YES;
				CLANG_WARN_NON_LITERAL_NULL_CONVERSION = YES;
				CLANG_WARN_OBJC_IMPLICIT_RETAIN_SELF = YES;
				CLANG_WARN_OBJC_LITERAL_CONVERSION = YES;
				CLANG_WARN_OBJC_ROOT_CLASS = YES_ERROR;
				CLANG_WARN_QUOTED_INCLUDE_IN_FRAMEWORK_HEADER = YES;
				CLANG_WARN_RANGE_LOOP_ANALYSIS = YES;
				CLANG_WARN_STRICT_PROTOTYPES = YES;
				CLANG_WARN_SUSPICIOUS_MOVE = YES;
				CLANG_WARN_UNGUARDED_AVAILABILITY = YES_AGGRESSIVE;
				CLANG_WARN_UNREACHABLE_CODE = YES;
				CLANG_WARN__DUPLICATE_METHOD_MATCH = YES;
				COPY_PHASE_STRIP = NO;
				DEBUG_INFORMATION_FORMAT = "dwarf-with-dsym";
				ENABLE_NS_ASSERTIONS = NO;
				ENABLE_STRICT_OBJC_MSGSEND = YES;
				ENABLE_USER_SCRIPT_SANDBOXING = YES;
				GCC_C_LANGUAGE_STANDARD = gnu17;
				GCC_NO_COMMON_BLOCKS = YES;
				GCC_WARN_64_TO_32_BIT_CONVERSION = YES;
				GCC_WARN_ABOUT_RETURN_TYPE = YES_ERROR;
				GCC_WARN_UNDECLARED_SELECTOR = YES;
				GCC_WARN_UNINITIALIZED_AUTOS = YES_AGGRESSIVE;
				GCC_WARN_UNUSED_FUNCTION = YES;
				GCC_WARN_UNUSED_VARIABLE = YES;
				IPHONEOS_DEPLOYMENT_TARGET = 17.5;
				LOCALIZATION_PREFERS_STRING_CATALOGS = YES;
				MTL_ENABLE_DEBUG_INFO = NO;
				MTL_FAST_MATH = YES;
				SDKROOT = iphoneos;
				SWIFT_COMPILATION_MODE = wholemodule;
				VALIDATE_PRODUCT = YES;
			};
			name = Release;
		};
		95AAD0572C4A6071009C5D03 /* Debug */ = {
			isa = XCBuildConfiguration;
			buildSettings = {
				ASSETCATALOG_COMPILER_APPICON_NAME = AppIcon;
				ASSETCATALOG_COMPILER_GLOBAL_ACCENT_COLOR_NAME = AccentColor;
				CODE_SIGN_STYLE = Automatic;
				CURRENT_PROJECT_VERSION = 1;
				DEVELOPMENT_ASSET_PATHS = "\"weather/Preview Content\"";
				DEVELOPMENT_TEAM = 4XTXF788G9;
				ENABLE_PREVIEWS = YES;
				GENERATE_INFOPLIST_FILE = YES;
				INFOPLIST_KEY_UIApplicationSceneManifest_Generation = YES;
				INFOPLIST_KEY_UIApplicationSupportsIndirectInputEvents = YES;
				INFOPLIST_KEY_UILaunchScreen_Generation = YES;
				INFOPLIST_KEY_UISupportedInterfaceOrientations_iPad = "UIInterfaceOrientationPortrait UIInterfaceOrientationPortraitUpsideDown UIInterfaceOrientationLandscapeLeft UIInterfaceOrientationLandscapeRight";
				INFOPLIST_KEY_UISupportedInterfaceOrientations_iPhone = "UIInterfaceOrientationPortrait UIInterfaceOrientationLandscapeLeft UIInterfaceOrientationLandscapeRight";
				LD_RUNPATH_SEARCH_PATHS = (
					"$(inherited)",
					"@executable_path/Frameworks",
				);
				MARKETING_VERSION = 1.0;
				PRODUCT_BUNDLE_IDENTIFIER = buingocduc.weather;
				PRODUCT_NAME = "$(TARGET_NAME)";
				SWIFT_EMIT_LOC_STRINGS = YES;
				SWIFT_VERSION = 5.0;
				TARGETED_DEVICE_FAMILY = "1,2";
			};
			name = Debug;
		};
		95AAD0582C4A6071009C5D03 /* Release */ = {
			isa = XCBuildConfiguration;
			buildSettings = {
				ASSETCATALOG_COMPILER_APPICON_NAME = AppIcon;
				ASSETCATALOG_COMPILER_GLOBAL_ACCENT_COLOR_NAME = AccentColor;
				CODE_SIGN_STYLE = Automatic;
				CURRENT_PROJECT_VERSION = 1;
				DEVELOPMENT_ASSET_PATHS = "\"weather/Preview Content\"";
				DEVELOPMENT_TEAM = 4XTXF788G9;
				ENABLE_PREVIEWS = YES;
				GENERATE_INFOPLIST_FILE = YES;
				INFOPLIST_KEY_UIApplicationSceneManifest_Generation = YES;
				INFOPLIST_KEY_UIApplicationSupportsIndirectInputEvents = YES;
				INFOPLIST_KEY_UILaunchScreen_Generation = YES;
				INFOPLIST_KEY_UISupportedInterfaceOrientations_iPad = "UIInterfaceOrientationPortrait UIInterfaceOrientationPortraitUpsideDown UIInterfaceOrientationLandscapeLeft UIInterfaceOrientationLandscapeRight";
				INFOPLIST_KEY_UISupportedInterfaceOrientations_iPhone = "UIInterfaceOrientationPortrait UIInterfaceOrientationLandscapeLeft UIInterfaceOrientationLandscapeRight";
				LD_RUNPATH_SEARCH_PATHS = (
					"$(inherited)",
					"@executable_path/Frameworks",
				);
				MARKETING_VERSION = 1.0;
				PRODUCT_BUNDLE_IDENTIFIER = buingocduc.weather;
				PRODUCT_NAME = "$(TARGET_NAME)";
				SWIFT_EMIT_LOC_STRINGS = YES;
				SWIFT_VERSION = 5.0;
				TARGETED_DEVICE_FAMILY = "1,2";
			};
			name = Release;
		};
/* End XCBuildConfiguration section */

/* Begin XCConfigurationList section */
		95AAD0432C4A606E009C5D03 /* Build configuration list for PBXProject "weather" */ = {
			isa = XCConfigurationList;
			buildConfigurations = (
				95AAD0542C4A6071009C5D03 /* Debug */,
				95AAD0552C4A6071009C5D03 /* Release */,
			);
			defaultConfigurationIsVisible = 0;
			defaultConfigurationName = Release;
		};
		95AAD0562C4A6071009C5D03 /* Build configuration list for PBXNativeTarget "weather" */ = {
			isa = XCConfigurationList;
			buildConfigurations = (
				95AAD0572C4A6071009C5D03 /* Debug */,
				95AAD0582C4A6071009C5D03 /* Release */,
			);
			defaultConfigurationIsVisible = 0;
			defaultConfigurationName = Release;
		};
/* End XCConfigurationList section */
	};
	rootObject = 95AAD0402C4A606E009C5D03 /* Project object */;
}
